
Microsoft Visual Studio Solution File, Format Version 12.00
# Visual Studio Version 17
VisualStudioVersion = 17.3.32929.385
MinimumVisualStudioVersion = 10.0.40219.1
Project("{FAE04EC0-301F-11D3-BF4B-00C04F79EFBC}") = "DZ_Pizza_Pattern_1", "DZ_Pizza_Pattern_1\DZ_Pizza_Pattern_1.csproj", "{24A556BF-1697-4825-B480-B24DB056C805}"
EndProject
Global
	GlobalSection(SolutionConfigurationPlatforms) = preSolution
		Debug|Any CPU = Debug|Any CPU
		Release|Any CPU = Release|Any CPU
	EndGlobalSection
	GlobalSection(ProjectConfigurationPlatforms) = postSolution
		{24A556BF-1697-4825-B480-B24DB056C805}.Debug|Any CPU.ActiveCfg = Debug|Any CPU
		{24A556BF-1697-4825-B480-B24DB056C805}.Debug|Any CPU.Build.0 = Debug|Any CPU
		{24A556BF-1697-4825-B480-B24DB056C805}.Release|Any CPU.ActiveCfg = Release|Any CPU
		{24A556BF-1697-4825-B480-B24DB056C805}.Release|Any CPU.Build.0 = Release|Any CPU
	EndGlobalSection
	GlobalSection(SolutionProperties) = preSolution
		HideSolutionNode = FALSE
	EndGlobalSection
	GlobalSection(ExtensibilityGlobals) = postSolution
		SolutionGuid = {62C6FED1-0F3F-487D-B920-2143EBF49514}
	EndGlobalSection
EndGlobal
